// !$*UTF8*$!
{
	archiveVersion = 1;
	classes = {
	};
	objectVersion = 50;
	objects = {

/* Begin PBXBuildFile section */
		E2387647224395A3004F4483 /* Neptune.framework in Frameworks */ = {isa = PBXBuildFile; fileRef = E2387645224395A3004F4483 /* Neptune.framework */; settings = {ATTRIBUTES = (Required, ); }; };
		E2387648224395A3004F4483 /* Platinum.framework in Frameworks */ = {isa = PBXBuildFile; fileRef = E2387646224395A3004F4483 /* Platinum.framework */; settings = {ATTRIBUTES = (Required, ); }; };
		E238765522447D23004F4483 /* ItunesMusicDMSDelegate.mm in Sources */ = {isa = PBXBuildFile; fileRef = E238764922447D23004F4483 /* ItunesMusicDMSDelegate.mm */; };
		E238765622447D23004F4483 /* SHDMRControl.mm in Sources */ = {isa = PBXBuildFile; fileRef = E238764B22447D23004F4483 /* SHDMRControl.mm */; };
		E238765722447D23004F4483 /* PltMicroMediaController.mm in Sources */ = {isa = PBXBuildFile; fileRef = E238764C22447D23004F4483 /* PltMicroMediaController.mm */; };
		E238765822447D23004F4483 /* SHSingletonControlModel.mm in Sources */ = {isa = PBXBuildFile; fileRef = E238764E22447D23004F4483 /* SHSingletonControlModel.mm */; };
		E238765922447D23004F4483 /* SHEventParamsResponse.m in Sources */ = {isa = PBXBuildFile; fileRef = E238765122447D23004F4483 /* SHEventParamsResponse.m */; };
		E238765A22447D23004F4483 /* PltMediaServerObject.mm in Sources */ = {isa = PBXBuildFile; fileRef = E238765322447D23004F4483 /* PltMediaServerObject.mm */; };
		E238765D22447EA2004F4483 /* SOSoundBoxPlayer.m in Sources */ = {isa = PBXBuildFile; fileRef = E238765C22447EA2004F4483 /* SOSoundBoxPlayer.m */; };
		E238765F224493BA004F4483 /* Neptune.framework in Embed Frameworks */ = {isa = PBXBuildFile; fileRef = E2387645224395A3004F4483 /* Neptune.framework */; settings = {ATTRIBUTES = (CodeSignOnCopy, RemoveHeadersOnCopy, ); }; };
		E2387661224493BA004F4483 /* Platinum.framework in Embed Frameworks */ = {isa = PBXBuildFile; fileRef = E2387646224395A3004F4483 /* Platinum.framework */; settings = {ATTRIBUTES = (CodeSignOnCopy, RemoveHeadersOnCopy, ); }; };
		E23876662244E0F9004F4483 /* FDiscoveryViewCell.m in Sources */ = {isa = PBXBuildFile; fileRef = E23876652244E0F9004F4483 /* FDiscoveryViewCell.m */; };
		E2750F61223B88580031DD56 /* AppDelegate.m in Sources */ = {isa = PBXBuildFile; fileRef = E2750F60223B88580031DD56 /* AppDelegate.m */; };
		E2750F64223B88580031DD56 /* ViewController.m in Sources */ = {isa = PBXBuildFile; fileRef = E2750F63223B88580031DD56 /* ViewController.m */; };
		E2750F69223B885A0031DD56 /* Assets.xcassets in Resources */ = {isa = PBXBuildFile; fileRef = E2750F68223B885A0031DD56 /* Assets.xcassets */; };
		E2750F6C223B885A0031DD56 /* LaunchScreen.storyboard in Resources */ = {isa = PBXBuildFile; fileRef = E2750F6A223B885A0031DD56 /* LaunchScreen.storyboard */; };
		E2750F6F223B885A0031DD56 /* main.m in Sources */ = {isa = PBXBuildFile; fileRef = E2750F6E223B885A0031DD56 /* main.m */; };
		E2750F79223B885A0031DD56 /* FDlnaTests.m in Sources */ = {isa = PBXBuildFile; fileRef = E2750F78223B885A0031DD56 /* FDlnaTests.m */; };
		E2750F84223B885A0031DD56 /* FDlnaUITests.m in Sources */ = {isa = PBXBuildFile; fileRef = E2750F83223B885A0031DD56 /* FDlnaUITests.m */; };
		E2750F93223B88C20031DD56 /* FBaseViewController.m in Sources */ = {isa = PBXBuildFile; fileRef = E2750F92223B88C20031DD56 /* FBaseViewController.m */; };
		E2750F96223B88E40031DD56 /* FMainViewController.m in Sources */ = {isa = PBXBuildFile; fileRef = E2750F95223B88E40031DD56 /* FMainViewController.m */; };
		E2750F9A223B8BB50031DD56 /* SONavigationController+Animation.m in Sources */ = {isa = PBXBuildFile; fileRef = E2750F99223B8BB50031DD56 /* SONavigationController+Animation.m */; };
		E2750F9D223B8C9B0031DD56 /* SONavButton.m in Sources */ = {isa = PBXBuildFile; fileRef = E2750F9C223B8C9B0031DD56 /* SONavButton.m */; };
		E2750FA0223B8CF50031DD56 /* SONavigationView.m in Sources */ = {isa = PBXBuildFile; fileRef = E2750F9F223B8CF50031DD56 /* SONavigationView.m */; };
		E2750FA3223B904A0031DD56 /* UIDevice+SO.m in Sources */ = {isa = PBXBuildFile; fileRef = E2750FA2223B904A0031DD56 /* UIDevice+SO.m */; };
		E2750FA6223B956D0031DD56 /* SOTools.m in Sources */ = {isa = PBXBuildFile; fileRef = E2750FA5223B956D0031DD56 /* SOTools.m */; };
		E2750FA9223F7C090031DD56 /* FLocalMusicServices.mm in Sources */ = {isa = PBXBuildFile; fileRef = E2750FA8223F7C090031DD56 /* FLocalMusicServices.mm */; };
		E2750FAC223F7F080031DD56 /* FMusicTableViewCell.m in Sources */ = {isa = PBXBuildFile; fileRef = E2750FAB223F7F070031DD56 /* FMusicTableViewCell.m */; };
		E295A80C22421CD400F8006C /* FDiscoveryViewController.m in Sources */ = {isa = PBXBuildFile; fileRef = E295A80B22421CD400F8006C /* FDiscoveryViewController.m */; };
		E2C3023B2249D52200C44474 /* FMainEmptyView.m in Sources */ = {isa = PBXBuildFile; fileRef = E2C3023A2249D52200C44474 /* FMainEmptyView.m */; };
		E2C3023F224B701700C44474 /* SOWaterWaveView.m in Sources */ = {isa = PBXBuildFile; fileRef = E2C3023E224B701700C44474 /* SOWaterWaveView.m */; };
		E2C30242224DA9C800C44474 /* FHelpViewController.m in Sources */ = {isa = PBXBuildFile; fileRef = E2C30241224DA9C800C44474 /* FHelpViewController.m */; };
		EA77738D6B702217705C022E /* libPods-FDlna.a in Frameworks */ = {isa = PBXBuildFile; fileRef = BAA8867E7A4BD9C09FF504F4 /* libPods-FDlna.a */; };
/* End PBXBuildFile section */

/* Begin PBXContainerItemProxy section */
		E2750F75223B885A0031DD56 /* PBXContainerItemProxy */ = {
			isa = PBXContainerItemProxy;
			containerPortal = E2750F54223B88580031DD56 /* Project object */;
			proxyType = 1;
			remoteGlobalIDString = E2750F5B223B88580031DD56;
			remoteInfo = FDlna;
		};
		E2750F80223B885A0031DD56 /* PBXContainerItemProxy */ = {
			isa = PBXContainerItemProxy;
			containerPortal = E2750F54223B88580031DD56 /* Project object */;
			proxyType = 1;
			remoteGlobalIDString = E2750F5B223B88580031DD56;
			remoteInfo = FDlna;
		};
/* End PBXContainerItemProxy section */

/* Begin PBXCopyFilesBuildPhase section */
		E2387662224493BB004F4483 /* Embed Frameworks */ = {
			isa = PBXCopyFilesBuildPhase;
			buildActionMask = 2147483647;
			dstPath = "";
			dstSubfolderSpec = 10;
			files = (
				E2387661224493BA004F4483 /* Platinum.framework in Embed Frameworks */,
				E238765F224493BA004F4483 /* Neptune.framework in Embed Frameworks */,
			);
			name = "Embed Frameworks";
			runOnlyForDeploymentPostprocessing = 0;
		};
/* End PBXCopyFilesBuildPhase section */

/* Begin PBXFileReference section */
		2079FB809D53F72E315FF31E /* Pods-FDlna.release.xcconfig */ = {isa = PBXFileReference; includeInIndex = 1; lastKnownFileType = text.xcconfig; name = "Pods-FDlna.release.xcconfig"; path = "Target Support Files/Pods-FDlna/Pods-FDlna.release.xcconfig"; sourceTree = "<group>"; };
		4CD39AC3C4C039FC104A0D70 /* Pods-FDlna.debug.xcconfig */ = {isa = PBXFileReference; includeInIndex = 1; lastKnownFileType = text.xcconfig; name = "Pods-FDlna.debug.xcconfig"; path = "Target Support Files/Pods-FDlna/Pods-FDlna.debug.xcconfig"; sourceTree = "<group>"; };
		BAA8867E7A4BD9C09FF504F4 /* libPods-FDlna.a */ = {isa = PBXFileReference; explicitFileType = archive.ar; includeInIndex = 0; path = "libPods-FDlna.a"; sourceTree = BUILT_PRODUCTS_DIR; };
		E2387645224395A3004F4483 /* Neptune.framework */ = {isa = PBXFileReference; lastKnownFileType = wrapper.framework; path = Neptune.framework; sourceTree = "<group>"; };
		E2387646224395A3004F4483 /* Platinum.framework */ = {isa = PBXFileReference; lastKnownFileType = wrapper.framework; path = Platinum.framework; sourceTree = "<group>"; };
		E238764922447D23004F4483 /* ItunesMusicDMSDelegate.mm */ = {isa = PBXFileReference; fileEncoding = 4; lastKnownFileType = sourcecode.cpp.objcpp; path = ItunesMusicDMSDelegate.mm; sourceTree = "<group>"; };
		E238764A22447D23004F4483 /* PltMediaServerObject.h */ = {isa = PBXFileReference; fileEncoding = 4; lastKnownFileType = sourcecode.c.h; path = PltMediaServerObject.h; sourceTree = "<group>"; };
		E238764B22447D23004F4483 /* SHDMRControl.mm */ = {isa = PBXFileReference; fileEncoding = 4; lastKnownFileType = sourcecode.cpp.objcpp; path = SHDMRControl.mm; sourceTree = "<group>"; };
		E238764C22447D23004F4483 /* PltMicroMediaController.mm */ = {isa = PBXFileReference; fileEncoding = 4; lastKnownFileType = sourcecode.cpp.objcpp; path = PltMicroMediaController.mm; sourceTree = "<group>"; };
		E238764D22447D23004F4483 /* SHDMRControl.h */ = {isa = PBXFileReference; fileEncoding = 4; lastKnownFileType = sourcecode.c.h; path = SHDMRControl.h; sourceTree = "<group>"; };
		E238764E22447D23004F4483 /* SHSingletonControlModel.mm */ = {isa = PBXFileReference; fileEncoding = 4; lastKnownFileType = sourcecode.cpp.objcpp; path = SHSingletonControlModel.mm; sourceTree = "<group>"; };
		E238764F22447D23004F4483 /* ItunesMusicDMSDelegate.h */ = {isa = PBXFileReference; fileEncoding = 4; lastKnownFileType = sourcecode.c.h; path = ItunesMusicDMSDelegate.h; sourceTree = "<group>"; };
		E238765022447D23004F4483 /* SHEventParamsResponse.h */ = {isa = PBXFileReference; fileEncoding = 4; lastKnownFileType = sourcecode.c.h; path = SHEventParamsResponse.h; sourceTree = "<group>"; };
		E238765122447D23004F4483 /* SHEventParamsResponse.m */ = {isa = PBXFileReference; fileEncoding = 4; lastKnownFileType = sourcecode.c.objc; path = SHEventParamsResponse.m; sourceTree = "<group>"; };
		E238765222447D23004F4483 /* SHSingletonControlModel.h */ = {isa = PBXFileReference; fileEncoding = 4; lastKnownFileType = sourcecode.c.h; path = SHSingletonControlModel.h; sourceTree = "<group>"; };
		E238765322447D23004F4483 /* PltMediaServerObject.mm */ = {isa = PBXFileReference; fileEncoding = 4; lastKnownFileType = sourcecode.cpp.objcpp; path = PltMediaServerObject.mm; sourceTree = "<group>"; };
		E238765422447D23004F4483 /* PltMicroMediaController.h */ = {isa = PBXFileReference; fileEncoding = 4; lastKnownFileType = sourcecode.c.h; path = PltMicroMediaController.h; sourceTree = "<group>"; };
		E238765B22447EA2004F4483 /* SOSoundBoxPlayer.h */ = {isa = PBXFileReference; lastKnownFileType = sourcecode.c.h; path = SOSoundBoxPlayer.h; sourceTree = "<group>"; };
		E238765C22447EA2004F4483 /* SOSoundBoxPlayer.m */ = {isa = PBXFileReference; lastKnownFileType = sourcecode.c.objc; path = SOSoundBoxPlayer.m; sourceTree = "<group>"; };
		E23876632244B704004F4483 /* SOBaseCode.h */ = {isa = PBXFileReference; lastKnownFileType = sourcecode.c.h; path = SOBaseCode.h; sourceTree = "<group>"; };
		E23876642244E0F9004F4483 /* FDiscoveryViewCell.h */ = {isa = PBXFileReference; lastKnownFileType = sourcecode.c.h; path = FDiscoveryViewCell.h; sourceTree = "<group>"; };
		E23876652244E0F9004F4483 /* FDiscoveryViewCell.m */ = {isa = PBXFileReference; lastKnownFileType = sourcecode.c.objc; path = FDiscoveryViewCell.m; sourceTree = "<group>"; };
		E2750F5C223B88580031DD56 /* FDlna.app */ = {isa = PBXFileReference; explicitFileType = wrapper.application; includeInIndex = 0; path = FDlna.app; sourceTree = BUILT_PRODUCTS_DIR; };
		E2750F5F223B88580031DD56 /* AppDelegate.h */ = {isa = PBXFileReference; lastKnownFileType = sourcecode.c.h; path = AppDelegate.h; sourceTree = "<group>"; };
		E2750F60223B88580031DD56 /* AppDelegate.m */ = {isa = PBXFileReference; lastKnownFileType = sourcecode.c.objc; path = AppDelegate.m; sourceTree = "<group>"; };
		E2750F62223B88580031DD56 /* ViewController.h */ = {isa = PBXFileReference; lastKnownFileType = sourcecode.c.h; path = ViewController.h; sourceTree = "<group>"; };
		E2750F63223B88580031DD56 /* ViewController.m */ = {isa = PBXFileReference; lastKnownFileType = sourcecode.c.objc; path = ViewController.m; sourceTree = "<group>"; };
		E2750F68223B885A0031DD56 /* Assets.xcassets */ = {isa = PBXFileReference; lastKnownFileType = folder.assetcatalog; path = Assets.xcassets; sourceTree = "<group>"; };
		E2750F6B223B885A0031DD56 /* Base */ = {isa = PBXFileReference; lastKnownFileType = file.storyboard; name = Base; path = Base.lproj/LaunchScreen.storyboard; sourceTree = "<group>"; };
		E2750F6D223B885A0031DD56 /* Info.plist */ = {isa = PBXFileReference; lastKnownFileType = text.plist.xml; path = Info.plist; sourceTree = "<group>"; };
		E2750F6E223B885A0031DD56 /* main.m */ = {isa = PBXFileReference; lastKnownFileType = sourcecode.c.objc; path = main.m; sourceTree = "<group>"; };
		E2750F74223B885A0031DD56 /* FDlnaTests.xctest */ = {isa = PBXFileReference; explicitFileType = wrapper.cfbundle; includeInIndex = 0; path = FDlnaTests.xctest; sourceTree = BUILT_PRODUCTS_DIR; };
		E2750F78223B885A0031DD56 /* FDlnaTests.m */ = {isa = PBXFileReference; lastKnownFileType = sourcecode.c.objc; path = FDlnaTests.m; sourceTree = "<group>"; };
		E2750F7A223B885A0031DD56 /* Info.plist */ = {isa = PBXFileReference; lastKnownFileType = text.plist.xml; path = Info.plist; sourceTree = "<group>"; };
		E2750F7F223B885A0031DD56 /* FDlnaUITests.xctest */ = {isa = PBXFileReference; explicitFileType = wrapper.cfbundle; includeInIndex = 0; path = FDlnaUITests.xctest; sourceTree = BUILT_PRODUCTS_DIR; };
		E2750F83223B885A0031DD56 /* FDlnaUITests.m */ = {isa = PBXFileReference; lastKnownFileType = sourcecode.c.objc; path = FDlnaUITests.m; sourceTree = "<group>"; };
		E2750F85223B885A0031DD56 /* Info.plist */ = {isa = PBXFileReference; lastKnownFileType = text.plist.xml; path = Info.plist; sourceTree = "<group>"; };
		E2750F91223B88C20031DD56 /* FBaseViewController.h */ = {isa = PBXFileReference; lastKnownFileType = sourcecode.c.h; path = FBaseViewController.h; sourceTree = "<group>"; };
		E2750F92223B88C20031DD56 /* FBaseViewController.m */ = {isa = PBXFileReference; lastKnownFileType = sourcecode.c.objc; path = FBaseViewController.m; sourceTree = "<group>"; };
		E2750F94223B88E40031DD56 /* FMainViewController.h */ = {isa = PBXFileReference; lastKnownFileType = sourcecode.c.h; path = FMainViewController.h; sourceTree = "<group>"; };
		E2750F95223B88E40031DD56 /* FMainViewController.m */ = {isa = PBXFileReference; lastKnownFileType = sourcecode.c.objc; path = FMainViewController.m; sourceTree = "<group>"; };
		E2750F98223B8BB50031DD56 /* SONavigationController+Animation.h */ = {isa = PBXFileReference; lastKnownFileType = sourcecode.c.h; path = "SONavigationController+Animation.h"; sourceTree = "<group>"; };
		E2750F99223B8BB50031DD56 /* SONavigationController+Animation.m */ = {isa = PBXFileReference; lastKnownFileType = sourcecode.c.objc; path = "SONavigationController+Animation.m"; sourceTree = "<group>"; };
		E2750F9B223B8C9B0031DD56 /* SONavButton.h */ = {isa = PBXFileReference; lastKnownFileType = sourcecode.c.h; path = SONavButton.h; sourceTree = "<group>"; };
		E2750F9C223B8C9B0031DD56 /* SONavButton.m */ = {isa = PBXFileReference; lastKnownFileType = sourcecode.c.objc; path = SONavButton.m; sourceTree = "<group>"; };
		E2750F9E223B8CF50031DD56 /* SONavigationView.h */ = {isa = PBXFileReference; lastKnownFileType = sourcecode.c.h; path = SONavigationView.h; sourceTree = "<group>"; };
		E2750F9F223B8CF50031DD56 /* SONavigationView.m */ = {isa = PBXFileReference; lastKnownFileType = sourcecode.c.objc; path = SONavigationView.m; sourceTree = "<group>"; };
		E2750FA1223B904A0031DD56 /* UIDevice+SO.h */ = {isa = PBXFileReference; lastKnownFileType = sourcecode.c.h; path = "UIDevice+SO.h"; sourceTree = "<group>"; };
		E2750FA2223B904A0031DD56 /* UIDevice+SO.m */ = {isa = PBXFileReference; lastKnownFileType = sourcecode.c.objc; path = "UIDevice+SO.m"; sourceTree = "<group>"; };
		E2750FA4223B956D0031DD56 /* SOTools.h */ = {isa = PBXFileReference; lastKnownFileType = sourcecode.c.h; path = SOTools.h; sourceTree = "<group>"; };
		E2750FA5223B956D0031DD56 /* SOTools.m */ = {isa = PBXFileReference; lastKnownFileType = sourcecode.c.objc; path = SOTools.m; sourceTree = "<group>"; };
		E2750FA7223F7C090031DD56 /* FLocalMusicServices.h */ = {isa = PBXFileReference; lastKnownFileType = sourcecode.c.h; path = FLocalMusicServices.h; sourceTree = "<group>"; };
		E2750FA8223F7C090031DD56 /* FLocalMusicServices.mm */ = {isa = PBXFileReference; lastKnownFileType = sourcecode.cpp.objcpp; path = FLocalMusicServices.mm; sourceTree = "<group>"; };
		E2750FAA223F7F070031DD56 /* FMusicTableViewCell.h */ = {isa = PBXFileReference; lastKnownFileType = sourcecode.c.h; path = FMusicTableViewCell.h; sourceTree = "<group>"; };
		E2750FAB223F7F070031DD56 /* FMusicTableViewCell.m */ = {isa = PBXFileReference; lastKnownFileType = sourcecode.c.objc; path = FMusicTableViewCell.m; sourceTree = "<group>"; };
		E295A80A22421CD400F8006C /* FDiscoveryViewController.h */ = {isa = PBXFileReference; lastKnownFileType = sourcecode.c.h; path = FDiscoveryViewController.h; sourceTree = "<group>"; };
		E295A80B22421CD400F8006C /* FDiscoveryViewController.m */ = {isa = PBXFileReference; lastKnownFileType = sourcecode.c.objc; path = FDiscoveryViewController.m; sourceTree = "<group>"; };
		E2C302392249D52200C44474 /* FMainEmptyView.h */ = {isa = PBXFileReference; lastKnownFileType = sourcecode.c.h; path = FMainEmptyView.h; sourceTree = "<group>"; };
		E2C3023A2249D52200C44474 /* FMainEmptyView.m */ = {isa = PBXFileReference; lastKnownFileType = sourcecode.c.objc; path = FMainEmptyView.m; sourceTree = "<group>"; };
		E2C3023D224B701700C44474 /* SOWaterWaveView.h */ = {isa = PBXFileReference; lastKnownFileType = sourcecode.c.h; path = SOWaterWaveView.h; sourceTree = "<group>"; };
		E2C3023E224B701700C44474 /* SOWaterWaveView.m */ = {isa = PBXFileReference; lastKnownFileType = sourcecode.c.objc; path = SOWaterWaveView.m; sourceTree = "<group>"; };
		E2C30240224DA9C800C44474 /* FHelpViewController.h */ = {isa = PBXFileReference; lastKnownFileType = sourcecode.c.h; path = FHelpViewController.h; sourceTree = "<group>"; };
		E2C30241224DA9C800C44474 /* FHelpViewController.m */ = {isa = PBXFileReference; lastKnownFileType = sourcecode.c.objc; path = FHelpViewController.m; sourceTree = "<group>"; };
/* End PBXFileReference section */

/* Begin PBXFrameworksBuildPhase section */
		E2750F59223B88580031DD56 /* Frameworks */ = {
			isa = PBXFrameworksBuildPhase;
			buildActionMask = 2147483647;
			files = (
				E2387648224395A3004F4483 /* Platinum.framework in Frameworks */,
				E2387647224395A3004F4483 /* Neptune.framework in Frameworks */,
				EA77738D6B702217705C022E /* libPods-FDlna.a in Frameworks */,
			);
			runOnlyForDeploymentPostprocessing = 0;
		};
		E2750F71223B885A0031DD56 /* Frameworks */ = {
			isa = PBXFrameworksBuildPhase;
			buildActionMask = 2147483647;
			files = (
			);
			runOnlyForDeploymentPostprocessing = 0;
		};
		E2750F7C223B885A0031DD56 /* Frameworks */ = {
			isa = PBXFrameworksBuildPhase;
			buildActionMask = 2147483647;
			files = (
			);
			runOnlyForDeploymentPostprocessing = 0;
		};
/* End PBXFrameworksBuildPhase section */

/* Begin PBXGroup section */
		3F716B9A510F11AD8531A35B /* Pods */ = {
			isa = PBXGroup;
			children = (
				4CD39AC3C4C039FC104A0D70 /* Pods-FDlna.debug.xcconfig */,
				2079FB809D53F72E315FF31E /* Pods-FDlna.release.xcconfig */,
			);
			path = Pods;
			sourceTree = "<group>";
		};
		E2750F53223B88580031DD56 = {
			isa = PBXGroup;
			children = (
				E2750F5E223B88580031DD56 /* FDlna */,
				E2750F77223B885A0031DD56 /* FDlnaTests */,
				E2750F82223B885A0031DD56 /* FDlnaUITests */,
				E2750F5D223B88580031DD56 /* Products */,
				E295A8132242208E00F8006C /* Frameworks */,
				3F716B9A510F11AD8531A35B /* Pods */,
			);
			sourceTree = "<group>";
		};
		E2750F5D223B88580031DD56 /* Products */ = {
			isa = PBXGroup;
			children = (
				E2750F5C223B88580031DD56 /* FDlna.app */,
				E2750F74223B885A0031DD56 /* FDlnaTests.xctest */,
				E2750F7F223B885A0031DD56 /* FDlnaUITests.xctest */,
			);
			name = Products;
			sourceTree = "<group>";
		};
		E2750F5E223B88580031DD56 /* FDlna */ = {
			isa = PBXGroup;
			children = (
				E2750F5F223B88580031DD56 /* AppDelegate.h */,
				E2750F60223B88580031DD56 /* AppDelegate.m */,
				E2750F62223B88580031DD56 /* ViewController.h */,
				E2750F63223B88580031DD56 /* ViewController.m */,
				E2750F91223B88C20031DD56 /* FBaseViewController.h */,
				E2750F92223B88C20031DD56 /* FBaseViewController.m */,
				E2750F94223B88E40031DD56 /* FMainViewController.h */,
				E2750F95223B88E40031DD56 /* FMainViewController.m */,
				E2750FA7223F7C090031DD56 /* FLocalMusicServices.h */,
				E2750FA8223F7C090031DD56 /* FLocalMusicServices.mm */,
				E2750FAA223F7F070031DD56 /* FMusicTableViewCell.h */,
				E2750FAB223F7F070031DD56 /* FMusicTableViewCell.m */,
				E295A80A22421CD400F8006C /* FDiscoveryViewController.h */,
				E295A80B22421CD400F8006C /* FDiscoveryViewController.m */,
				E23876642244E0F9004F4483 /* FDiscoveryViewCell.h */,
				E23876652244E0F9004F4483 /* FDiscoveryViewCell.m */,
				E2C302392249D52200C44474 /* FMainEmptyView.h */,
				E2C3023A2249D52200C44474 /* FMainEmptyView.m */,
				E2C3023D224B701700C44474 /* SOWaterWaveView.h */,
				E2C3023E224B701700C44474 /* SOWaterWaveView.m */,
				E2C30240224DA9C800C44474 /* FHelpViewController.h */,
				E2C30241224DA9C800C44474 /* FHelpViewController.m */,
				E295A80E22421DBC00F8006C /* DLNA */,
				E2750F97223B8B600031DD56 /* SONavigationView */,
				E2750F68223B885A0031DD56 /* Assets.xcassets */,
				E2750F6A223B885A0031DD56 /* LaunchScreen.storyboard */,
				E2750F6D223B885A0031DD56 /* Info.plist */,
				E2750F6E223B885A0031DD56 /* main.m */,
			);
			path = FDlna;
			sourceTree = "<group>";
		};
		E2750F77223B885A0031DD56 /* FDlnaTests */ = {
			isa = PBXGroup;
			children = (
				E2750F78223B885A0031DD56 /* FDlnaTests.m */,
				E2750F7A223B885A0031DD56 /* Info.plist */,
			);
			path = FDlnaTests;
			sourceTree = "<group>";
		};
		E2750F82223B885A0031DD56 /* FDlnaUITests */ = {
			isa = PBXGroup;
			children = (
				E2750F83223B885A0031DD56 /* FDlnaUITests.m */,
				E2750F85223B885A0031DD56 /* Info.plist */,
			);
			path = FDlnaUITests;
			sourceTree = "<group>";
		};
		E2750F97223B8B600031DD56 /* SONavigationView */ = {
			isa = PBXGroup;
			children = (
				E2750F98223B8BB50031DD56 /* SONavigationController+Animation.h */,
				E2750F99223B8BB50031DD56 /* SONavigationController+Animation.m */,
				E2750F9B223B8C9B0031DD56 /* SONavButton.h */,
				E2750F9C223B8C9B0031DD56 /* SONavButton.m */,
				E2750FA1223B904A0031DD56 /* UIDevice+SO.h */,
				E2750FA2223B904A0031DD56 /* UIDevice+SO.m */,
				E2750F9E223B8CF50031DD56 /* SONavigationView.h */,
				E2750F9F223B8CF50031DD56 /* SONavigationView.m */,
				E2750FA4223B956D0031DD56 /* SOTools.h */,
				E2750FA5223B956D0031DD56 /* SOTools.m */,
			);
			path = SONavigationView;
			sourceTree = "<group>";
		};
		E295A80E22421DBC00F8006C /* DLNA */ = {
			isa = PBXGroup;
			children = (
				E238764F22447D23004F4483 /* ItunesMusicDMSDelegate.h */,
				E238764922447D23004F4483 /* ItunesMusicDMSDelegate.mm */,
				E238764A22447D23004F4483 /* PltMediaServerObject.h */,
				E238765322447D23004F4483 /* PltMediaServerObject.mm */,
				E238765422447D23004F4483 /* PltMicroMediaController.h */,
				E238764C22447D23004F4483 /* PltMicroMediaController.mm */,
				E238764D22447D23004F4483 /* SHDMRControl.h */,
				E238764B22447D23004F4483 /* SHDMRControl.mm */,
				E238765022447D23004F4483 /* SHEventParamsResponse.h */,
				E238765122447D23004F4483 /* SHEventParamsResponse.m */,
				E238765222447D23004F4483 /* SHSingletonControlModel.h */,
				E238764E22447D23004F4483 /* SHSingletonControlModel.mm */,
				E238765B22447EA2004F4483 /* SOSoundBoxPlayer.h */,
				E238765C22447EA2004F4483 /* SOSoundBoxPlayer.m */,
				E23876632244B704004F4483 /* SOBaseCode.h */,
			);
			path = DLNA;
			sourceTree = "<group>";
		};
		E295A8132242208E00F8006C /* Frameworks */ = {
			isa = PBXGroup;
			children = (
				E2387645224395A3004F4483 /* Neptune.framework */,
				E2387646224395A3004F4483 /* Platinum.framework */,
				BAA8867E7A4BD9C09FF504F4 /* libPods-FDlna.a */,
			);
			name = Frameworks;
			sourceTree = "<group>";
		};
/* End PBXGroup section */

/* Begin PBXNativeTarget section */
		E2750F5B223B88580031DD56 /* FDlna */ = {
			isa = PBXNativeTarget;
			buildConfigurationList = E2750F88223B885A0031DD56 /* Build configuration list for PBXNativeTarget "FDlna" */;
			buildPhases = (
				16E815A9C905CA6E54F1C1CF /* [CP] Check Pods Manifest.lock */,
				E2750F58223B88580031DD56 /* Sources */,
				E2750F59223B88580031DD56 /* Frameworks */,
				E2750F5A223B88580031DD56 /* Resources */,
				E2387662224493BB004F4483 /* Embed Frameworks */,
				9D39E4F685A1DD471663920D /* [CP] Copy Pods Resources */,
			);
			buildRules = (
			);
			dependencies = (
			);
			name = FDlna;
			productName = FDlna;
			productReference = E2750F5C223B88580031DD56 /* FDlna.app */;
			productType = "com.apple.product-type.application";
		};
		E2750F73223B885A0031DD56 /* FDlnaTests */ = {
			isa = PBXNativeTarget;
			buildConfigurationList = E2750F8B223B885A0031DD56 /* Build configuration list for PBXNativeTarget "FDlnaTests" */;
			buildPhases = (
				E2750F70223B885A0031DD56 /* Sources */,
				E2750F71223B885A0031DD56 /* Frameworks */,
				E2750F72223B885A0031DD56 /* Resources */,
			);
			buildRules = (
			);
			dependencies = (
				E2750F76223B885A0031DD56 /* PBXTargetDependency */,
			);
			name = FDlnaTests;
			productName = FDlnaTests;
			productReference = E2750F74223B885A0031DD56 /* FDlnaTests.xctest */;
			productType = "com.apple.product-type.bundle.unit-test";
		};
		E2750F7E223B885A0031DD56 /* FDlnaUITests */ = {
			isa = PBXNativeTarget;
			buildConfigurationList = E2750F8E223B885A0031DD56 /* Build configuration list for PBXNativeTarget "FDlnaUITests" */;
			buildPhases = (
				E2750F7B223B885A0031DD56 /* Sources */,
				E2750F7C223B885A0031DD56 /* Frameworks */,
				E2750F7D223B885A0031DD56 /* Resources */,
			);
			buildRules = (
			);
			dependencies = (
				E2750F81223B885A0031DD56 /* PBXTargetDependency */,
			);
			name = FDlnaUITests;
			productName = FDlnaUITests;
			productReference = E2750F7F223B885A0031DD56 /* FDlnaUITests.xctest */;
			productType = "com.apple.product-type.bundle.ui-testing";
		};
/* End PBXNativeTarget section */

/* Begin PBXProject section */
		E2750F54223B88580031DD56 /* Project object */ = {
			isa = PBXProject;
			attributes = {
				LastUpgradeCheck = 1010;
				ORGANIZATIONNAME = Self.work;
				TargetAttributes = {
					E2750F5B223B88580031DD56 = {
						CreatedOnToolsVersion = 10.1;
					};
					E2750F73223B885A0031DD56 = {
						CreatedOnToolsVersion = 10.1;
						TestTargetID = E2750F5B223B88580031DD56;
					};
					E2750F7E223B885A0031DD56 = {
						CreatedOnToolsVersion = 10.1;
						TestTargetID = E2750F5B223B88580031DD56;
					};
				};
			};
			buildConfigurationList = E2750F57223B88580031DD56 /* Build configuration list for PBXProject "FDlna" */;
			compatibilityVersion = "Xcode 9.3";
			developmentRegion = en;
			hasScannedForEncodings = 0;
			knownRegions = (
				en,
				Base,
			);
			mainGroup = E2750F53223B88580031DD56;
			productRefGroup = E2750F5D223B88580031DD56 /* Products */;
			projectDirPath = "";
			projectRoot = "";
			targets = (
				E2750F5B223B88580031DD56 /* FDlna */,
				E2750F73223B885A0031DD56 /* FDlnaTests */,
				E2750F7E223B885A0031DD56 /* FDlnaUITests */,
			);
		};
/* End PBXProject section */

/* Begin PBXResourcesBuildPhase section */
		E2750F5A223B88580031DD56 /* Resources */ = {
			isa = PBXResourcesBuildPhase;
			buildActionMask = 2147483647;
			files = (
				E2750F6C223B885A0031DD56 /* LaunchScreen.storyboard in Resources */,
				E2750F69223B885A0031DD56 /* Assets.xcassets in Resources */,
			);
			runOnlyForDeploymentPostprocessing = 0;
		};
		E2750F72223B885A0031DD56 /* Resources */ = {
			isa = PBXResourcesBuildPhase;
			buildActionMask = 2147483647;
			files = (
			);
			runOnlyForDeploymentPostprocessing = 0;
		};
		E2750F7D223B885A0031DD56 /* Resources */ = {
			isa = PBXResourcesBuildPhase;
			buildActionMask = 2147483647;
			files = (
			);
			runOnlyForDeploymentPostprocessing = 0;
		};
/* End PBXResourcesBuildPhase section */

/* Begin PBXShellScriptBuildPhase section */
		16E815A9C905CA6E54F1C1CF /* [CP] Check Pods Manifest.lock */ = {
			isa = PBXShellScriptBuildPhase;
			buildActionMask = 2147483647;
			files = (
			);
			inputFileListPaths = (
			);
			inputPaths = (
				"${PODS_PODFILE_DIR_PATH}/Podfile.lock",
				"${PODS_ROOT}/Manifest.lock",
			);
			name = "[CP] Check Pods Manifest.lock";
			outputFileListPaths = (
			);
			outputPaths = (
				"$(DERIVED_FILE_DIR)/Pods-FDlna-checkManifestLockResult.txt",
			);
			runOnlyForDeploymentPostprocessing = 0;
			shellPath = /bin/sh;
			shellScript = "diff \"${PODS_PODFILE_DIR_PATH}/Podfile.lock\" \"${PODS_ROOT}/Manifest.lock\" > /dev/null\nif [ $? != 0 ] ; then\n    # print error to STDERR\n    echo \"error: The sandbox is not in sync with the Podfile.lock. Run 'pod install' or update your CocoaPods installation.\" >&2\n    exit 1\nfi\n# This output is used by Xcode 'outputs' to avoid re-running this script phase.\necho \"SUCCESS\" > \"${SCRIPT_OUTPUT_FILE_0}\"\n";
			showEnvVarsInLog = 0;
		};
		9D39E4F685A1DD471663920D /* [CP] Copy Pods Resources */ = {
			isa = PBXShellScriptBuildPhase;
			buildActionMask = 2147483647;
			files = (
			);
			inputFileListPaths = (
			);
			inputPaths = (
				"${PODS_ROOT}/Target Support Files/Pods-FDlna/Pods-FDlna-resources.sh",
				"${PODS_ROOT}/MJRefresh/MJRefresh/MJRefresh.bundle",
			);
			name = "[CP] Copy Pods Resources";
			outputFileListPaths = (
			);
			outputPaths = (
				"${TARGET_BUILD_DIR}/${UNLOCALIZED_RESOURCES_FOLDER_PATH}/MJRefresh.bundle",
			);
			runOnlyForDeploymentPostprocessing = 0;
			shellPath = /bin/sh;
			shellScript = "\"${PODS_ROOT}/Target Support Files/Pods-FDlna/Pods-FDlna-resources.sh\"\n";
			showEnvVarsInLog = 0;
		};
/* End PBXShellScriptBuildPhase section */

/* Begin PBXSourcesBuildPhase section */
		E2750F58223B88580031DD56 /* Sources */ = {
			isa = PBXSourcesBuildPhase;
			buildActionMask = 2147483647;
			files = (
				E2C3023B2249D52200C44474 /* FMainEmptyView.m in Sources */,
				E238765722447D23004F4483 /* PltMicroMediaController.mm in Sources */,
				E2750F93223B88C20031DD56 /* FBaseViewController.m in Sources */,
				E2750F64223B88580031DD56 /* ViewController.m in Sources */,
				E2750FA0223B8CF50031DD56 /* SONavigationView.m in Sources */,
				E295A80C22421CD400F8006C /* FDiscoveryViewController.m in Sources */,
				E2750FA6223B956D0031DD56 /* SOTools.m in Sources */,
				E2750FA3223B904A0031DD56 /* UIDevice+SO.m in Sources */,
				E2750F9D223B8C9B0031DD56 /* SONavButton.m in Sources */,
				E2750FAC223F7F080031DD56 /* FMusicTableViewCell.m in Sources */,
				E2C3023F224B701700C44474 /* SOWaterWaveView.m in Sources */,
				E2750F6F223B885A0031DD56 /* main.m in Sources */,
				E238765922447D23004F4483 /* SHEventParamsResponse.m in Sources */,
				E238765522447D23004F4483 /* ItunesMusicDMSDelegate.mm in Sources */,
				E238765A22447D23004F4483 /* PltMediaServerObject.mm in Sources */,
				E2750FA9223F7C090031DD56 /* FLocalMusicServices.mm in Sources */,
				E238765822447D23004F4483 /* SHSingletonControlModel.mm in Sources */,
				E2750F96223B88E40031DD56 /* FMainViewController.m in Sources */,
				E2750F9A223B8BB50031DD56 /* SONavigationController+Animation.m in Sources */,
				E23876662244E0F9004F4483 /* FDiscoveryViewCell.m in Sources */,
				E238765622447D23004F4483 /* SHDMRControl.mm in Sources */,
				E238765D22447EA2004F4483 /* SOSoundBoxPlayer.m in Sources */,
				E2C30242224DA9C800C44474 /* FHelpViewController.m in Sources */,
				E2750F61223B88580031DD56 /* AppDelegate.m in Sources */,
			);
			runOnlyForDeploymentPostprocessing = 0;
		};
		E2750F70223B885A0031DD56 /* Sources */ = {
			isa = PBXSourcesBuildPhase;
			buildActionMask = 2147483647;
			files = (
				E2750F79223B885A0031DD56 /* FDlnaTests.m in Sources */,
			);
			runOnlyForDeploymentPostprocessing = 0;
		};
		E2750F7B223B885A0031DD56 /* Sources */ = {
			isa = PBXSourcesBuildPhase;
			buildActionMask = 2147483647;
			files = (
				E2750F84223B885A0031DD56 /* FDlnaUITests.m in Sources */,
			);
			runOnlyForDeploymentPostprocessing = 0;
		};
/* End PBXSourcesBuildPhase section */

/* Begin PBXTargetDependency section */
		E2750F76223B885A0031DD56 /* PBXTargetDependency */ = {
			isa = PBXTargetDependency;
			target = E2750F5B223B88580031DD56 /* FDlna */;
			targetProxy = E2750F75223B885A0031DD56 /* PBXContainerItemProxy */;
		};
		E2750F81223B885A0031DD56 /* PBXTargetDependency */ = {
			isa = PBXTargetDependency;
			target = E2750F5B223B88580031DD56 /* FDlna */;
			targetProxy = E2750F80223B885A0031DD56 /* PBXContainerItemProxy */;
		};
/* End PBXTargetDependency section */

/* Begin PBXVariantGroup section */
		E2750F6A223B885A0031DD56 /* LaunchScreen.storyboard */ = {
			isa = PBXVariantGroup;
			children = (
				E2750F6B223B885A0031DD56 /* Base */,
			);
			name = LaunchScreen.storyboard;
			sourceTree = "<group>";
		};
/* End PBXVariantGroup section */

/* Begin XCBuildConfiguration section */
		E2750F86223B885A0031DD56 /* Debug */ = {
			isa = XCBuildConfiguration;
			buildSettings = {
				ALWAYS_SEARCH_USER_PATHS = NO;
				CLANG_ANALYZER_NONNULL = YES;
				CLANG_ANALYZER_NUMBER_OBJECT_CONVERSION = YES_AGGRESSIVE;
				CLANG_CXX_LANGUAGE_STANDARD = "gnu++14";
				CLANG_CXX_LIBRARY = "libc++";
				CLANG_ENABLE_MODULES = YES;
				CLANG_ENABLE_OBJC_ARC = YES;
				CLANG_ENABLE_OBJC_WEAK = YES;
				CLANG_WARN_BLOCK_CAPTURE_AUTORELEASING = YES;
				CLANG_WARN_BOOL_CONVERSION = YES;
				CLANG_WARN_COMMA = YES;
				CLANG_WARN_CONSTANT_CONVERSION = YES;
				CLANG_WARN_DEPRECATED_OBJC_IMPLEMENTATIONS = YES;
				CLANG_WARN_DIRECT_OBJC_ISA_USAGE = YES_ERROR;
				CLANG_WARN_DOCUMENTATION_COMMENTS = YES;
				CLANG_WARN_EMPTY_BODY = YES;
				CLANG_WARN_ENUM_CONVERSION = YES;
				CLANG_WARN_INFINITE_RECURSION = YES;
				CLANG_WARN_INT_CONVERSION = YES;
				CLANG_WARN_NON_LITERAL_NULL_CONVERSION = YES;
				CLANG_WARN_OBJC_IMPLICIT_RETAIN_SELF = YES;
				CLANG_WARN_OBJC_LITERAL_CONVERSION = YES;
				CLANG_WARN_OBJC_ROOT_CLASS = YES_ERROR;
				CLANG_WARN_RANGE_LOOP_ANALYSIS = YES;
				CLANG_WARN_STRICT_PROTOTYPES = YES;
				CLANG_WARN_SUSPICIOUS_MOVE = YES;
				CLANG_WARN_UNGUARDED_AVAILABILITY = YES_AGGRESSIVE;
				CLANG_WARN_UNREACHABLE_CODE = YES;
				CLANG_WARN__DUPLICATE_METHOD_MATCH = YES;
				CODE_SIGN_IDENTITY = "iPhone Developer";
				COPY_PHASE_STRIP = NO;
				DEBUG_INFORMATION_FORMAT = dwarf;
				ENABLE_STRICT_OBJC_MSGSEND = YES;
				ENABLE_TESTABILITY = YES;
				GCC_C_LANGUAGE_STANDARD = gnu11;
				GCC_DYNAMIC_NO_PIC = NO;
				GCC_NO_COMMON_BLOCKS = YES;
				GCC_OPTIMIZATION_LEVEL = 0;
				GCC_PREPROCESSOR_DEFINITIONS = (
					"DEBUG=1",
					"$(inherited)",
				);
				GCC_WARN_64_TO_32_BIT_CONVERSION = YES;
				GCC_WARN_ABOUT_RETURN_TYPE = YES_ERROR;
				GCC_WARN_UNDECLARED_SELECTOR = YES;
				GCC_WARN_UNINITIALIZED_AUTOS = YES_AGGRESSIVE;
				GCC_WARN_UNUSED_FUNCTION = YES;
				GCC_WARN_UNUSED_VARIABLE = YES;
				IPHONEOS_DEPLOYMENT_TARGET = 12.1;
				MTL_ENABLE_DEBUG_INFO = INCLUDE_SOURCE;
				MTL_FAST_MATH = YES;
				ONLY_ACTIVE_ARCH = YES;
				SDKROOT = iphoneos;
			};
			name = Debug;
		};
		E2750F87223B885A0031DD56 /* Release */ = {
			isa = XCBuildConfiguration;
			buildSettings = {
				ALWAYS_SEARCH_USER_PATHS = NO;
				CLANG_ANALYZER_NONNULL = YES;
				CLANG_ANALYZER_NUMBER_OBJECT_CONVERSION = YES_AGGRESSIVE;
				CLANG_CXX_LANGUAGE_STANDARD = "gnu++14";
				CLANG_CXX_LIBRARY = "libc++";
				CLANG_ENABLE_MODULES = YES;
				CLANG_ENABLE_OBJC_ARC = YES;
				CLANG_ENABLE_OBJC_WEAK = YES;
				CLANG_WARN_BLOCK_CAPTURE_AUTORELEASING = YES;
				CLANG_WARN_BOOL_CONVERSION = YES;
				CLANG_WARN_COMMA = YES;
				CLANG_WARN_CONSTANT_CONVERSION = YES;
				CLANG_WARN_DEPRECATED_OBJC_IMPLEMENTATIONS = YES;
				CLANG_WARN_DIRECT_OBJC_ISA_USAGE = YES_ERROR;
				CLANG_WARN_DOCUMENTATION_COMMENTS = YES;
				CLANG_WARN_EMPTY_BODY = YES;
				CLANG_WARN_ENUM_CONVERSION = YES;
				CLANG_WARN_INFINITE_RECURSION = YES;
				CLANG_WARN_INT_CONVERSION = YES;
				CLANG_WARN_NON_LITERAL_NULL_CONVERSION = YES;
				CLANG_WARN_OBJC_IMPLICIT_RETAIN_SELF = YES;
				CLANG_WARN_OBJC_LITERAL_CONVERSION = YES;
				CLANG_WARN_OBJC_ROOT_CLASS = YES_ERROR;
				CLANG_WARN_RANGE_LOOP_ANALYSIS = YES;
				CLANG_WARN_STRICT_PROTOTYPES = YES;
				CLANG_WARN_SUSPICIOUS_MOVE = YES;
				CLANG_WARN_UNGUARDED_AVAILABILITY = YES_AGGRESSIVE;
				CLANG_WARN_UNREACHABLE_CODE = YES;
				CLANG_WARN__DUPLICATE_METHOD_MATCH = YES;
				CODE_SIGN_IDENTITY = "iPhone Developer";
				COPY_PHASE_STRIP = NO;
				DEBUG_INFORMATION_FORMAT = "dwarf-with-dsym";
				ENABLE_NS_ASSERTIONS = NO;
				ENABLE_STRICT_OBJC_MSGSEND = YES;
				GCC_C_LANGUAGE_STANDARD = gnu11;
				GCC_NO_COMMON_BLOCKS = YES;
				GCC_WARN_64_TO_32_BIT_CONVERSION = YES;
				GCC_WARN_ABOUT_RETURN_TYPE = YES_ERROR;
				GCC_WARN_UNDECLARED_SELECTOR = YES;
				GCC_WARN_UNINITIALIZED_AUTOS = YES_AGGRESSIVE;
				GCC_WARN_UNUSED_FUNCTION = YES;
				GCC_WARN_UNUSED_VARIABLE = YES;
				IPHONEOS_DEPLOYMENT_TARGET = 12.1;
				MTL_ENABLE_DEBUG_INFO = NO;
				MTL_FAST_MATH = YES;
				SDKROOT = iphoneos;
				VALIDATE_PRODUCT = YES;
			};
			name = Release;
		};
		E2750F89223B885A0031DD56 /* Debug */ = {
			isa = XCBuildConfiguration;
			baseConfigurationReference = 4CD39AC3C4C039FC104A0D70 /* Pods-FDlna.debug.xcconfig */;
			buildSettings = {
				ASSETCATALOG_COMPILER_APPICON_NAME = AppIcon;
				CLANG_ALLOW_NON_MODULAR_INCLUDES_IN_FRAMEWORK_MODULES = YES;
				CLANG_ENABLE_MODULES = YES;
				CODE_SIGN_STYLE = Manual;
				DEVELOPMENT_TEAM = 74REQ6MMZH;
				FRAMEWORK_SEARCH_PATHS = (
					"$(inherited)",
					"$(PROJECT_DIR)/FDlna/DLNA",
					"$(PROJECT_DIR)",
					"$(PROJECT_DIR)/FDlna",
				);
				INFOPLIST_FILE = FDlna/Info.plist;
				IPHONEOS_DEPLOYMENT_TARGET = 11.0;
				LD_RUNPATH_SEARCH_PATHS = (
					"$(inherited)",
					"@executable_path/Frameworks",
				);
				MACH_O_TYPE = mh_execute;
				PRODUCT_BUNDLE_IDENTIFIER = com.hd.smartVillage;
				PRODUCT_NAME = "$(TARGET_NAME)";
				PROVISIONING_PROFILE_SPECIFIER = smartVillage_iOS_development;
				TARGETED_DEVICE_FAMILY = "1,2";
				USER_HEADER_SEARCH_PATHS = "";
			};
			name = Debug;
		};
		E2750F8A223B885A0031DD56 /* Release */ = {
			isa = XCBuildConfiguration;
			baseConfigurationReference = 2079FB809D53F72E315FF31E /* Pods-FDlna.release.xcconfig */;
			buildSettings = {
				ASSETCATALOG_COMPILER_APPICON_NAME = AppIcon;
				CLANG_ALLOW_NON_MODULAR_INCLUDES_IN_FRAMEWORK_MODULES = YES;
				CLANG_ENABLE_MODULES = YES;
				CODE_SIGN_STYLE = Manual;
				DEVELOPMENT_TEAM = "";
				FRAMEWORK_SEARCH_PATHS = (
					"$(inherited)",
					"$(PROJECT_DIR)/FDlna/DLNA",
					"$(PROJECT_DIR)",
					"$(PROJECT_DIR)/FDlna",
				);
				INFOPLIST_FILE = FDlna/Info.plist;
				IPHONEOS_DEPLOYMENT_TARGET = 11.0;
				LD_RUNPATH_SEARCH_PATHS = (
					"$(inherited)",
					"@executable_path/Frameworks",
				);
				MACH_O_TYPE = mh_execute;
				PRODUCT_BUNDLE_IDENTIFIER = com.hd.smartVillage;
				PRODUCT_NAME = "$(TARGET_NAME)";
				PROVISIONING_PROFILE_SPECIFIER = "";
				TARGETED_DEVICE_FAMILY = "1,2";
				USER_HEADER_SEARCH_PATHS = "";
			};
			name = Release;
		};
		E2750F8C223B885A0031DD56 /* Debug */ = {
			isa = XCBuildConfiguration;
			buildSettings = {
				BUNDLE_LOADER = "$(TEST_HOST)";
				CODE_SIGN_STYLE = Automatic;
				INFOPLIST_FILE = FDlnaTests/Info.plist;
				LD_RUNPATH_SEARCH_PATHS = (
					"$(inherited)",
					"@executable_path/Frameworks",
					"@loader_path/Frameworks",
				);
				PRODUCT_BUNDLE_IDENTIFIER = selfwork.company.FDlnaTests;
				PRODUCT_NAME = "$(TARGET_NAME)";
				TARGETED_DEVICE_FAMILY = "1,2";
				TEST_HOST = "$(BUILT_PRODUCTS_DIR)/FDlna.app/FDlna";
			};
			name = Debug;
		};
		E2750F8D223B885A0031DD56 /* Release */ = {
			isa = XCBuildConfiguration;
			buildSettings = {
				BUNDLE_LOADER = "$(TEST_HOST)";
				CODE_SIGN_STYLE = Automatic;
				INFOPLIST_FILE = FDlnaTests/Info.plist;
				LD_RUNPATH_SEARCH_PATHS = (
					"$(inherited)",
					"@executable_path/Frameworks",
					"@loader_path/Frameworks",
				);
				PRODUCT_BUNDLE_IDENTIFIER = selfwork.company.FDlnaTests;
				PRODUCT_NAME = "$(TARGET_NAME)";
				TARGETED_DEVICE_FAMILY = "1,2";
				TEST_HOST = "$(BUILT_PRODUCTS_DIR)/FDlna.app/FDlna";
			};
			name = Release;
		};
		E2750F8F223B885A0031DD56 /* Debug */ = {
			isa = XCBuildConfiguration;
			buildSettings = {
				CODE_SIGN_STYLE = Automatic;
				INFOPLIST_FILE = FDlnaUITests/Info.plist;
				LD_RUNPATH_SEARCH_PATHS = (
					"$(inherited)",
					"@executable_path/Frameworks",
					"@loader_path/Frameworks",
				);
				PRODUCT_BUNDLE_IDENTIFIER = selfwork.company.FDlnaUITests;
				PRODUCT_NAME = "$(TARGET_NAME)";
				TARGETED_DEVICE_FAMILY = "1,2";
				TEST_TARGET_NAME = FDlna;
			};
			name = Debug;
		};
		E2750F90223B885A0031DD56 /* Release */ = {
			isa = XCBuildConfiguration;
			buildSettings = {
				CODE_SIGN_STYLE = Automatic;
				INFOPLIST_FILE = FDlnaUITests/Info.plist;
				LD_RUNPATH_SEARCH_PATHS = (
					"$(inherited)",
					"@executable_path/Frameworks",
					"@loader_path/Frameworks",
				);
				PRODUCT_BUNDLE_IDENTIFIER = selfwork.company.FDlnaUITests;
				PRODUCT_NAME = "$(TARGET_NAME)";
				TARGETED_DEVICE_FAMILY = "1,2";
				TEST_TARGET_NAME = FDlna;
			};
			name = Release;
		};
/* End XCBuildConfiguration section */

/* Begin XCConfigurationList section */
		E2750F57223B88580031DD56 /* Build configuration list for PBXProject "FDlna" */ = {
			isa = XCConfigurationList;
			buildConfigurations = (
				E2750F86223B885A0031DD56 /* Debug */,
				E2750F87223B885A0031DD56 /* Release */,
			);
			defaultConfigurationIsVisible = 0;
			defaultConfigurationName = Release;
		};
		E2750F88223B885A0031DD56 /* Build configuration list for PBXNativeTarget "FDlna" */ = {
			isa = XCConfigurationList;
			buildConfigurations = (
				E2750F89223B885A0031DD56 /* Debug */,
				E2750F8A223B885A0031DD56 /* Release */,
			);
			defaultConfigurationIsVisible = 0;
			defaultConfigurationName = Release;
		};
		E2750F8B223B885A0031DD56 /* Build configuration list for PBXNativeTarget "FDlnaTests" */ = {
			isa = XCConfigurationList;
			buildConfigurations = (
				E2750F8C223B885A0031DD56 /* Debug */,
				E2750F8D223B885A0031DD56 /* Release */,
			);
			defaultConfigurationIsVisible = 0;
			defaultConfigurationName = Release;
		};
		E2750F8E223B885A0031DD56 /* Build configuration list for PBXNativeTarget "FDlnaUITests" */ = {
			isa = XCConfigurationList;
			buildConfigurations = (
				E2750F8F223B885A0031DD56 /* Debug */,
				E2750F90223B885A0031DD56 /* Release */,
			);
			defaultConfigurationIsVisible = 0;
			defaultConfigurationName = Release;
		};
/* End XCConfigurationList section */
	};
	rootObject = E2750F54223B88580031DD56 /* Project object */;
}
